
Microsoft Visual Studio Solution File, Format Version 12.00
# Visual Studio 14
VisualStudioVersion = 14.0.25420.1
MinimumVisualStudioVersion = 10.0.40219.1
Project("{FAE04EC0-301F-11D3-BF4B-00C04F79EFBC}") = "Texart", "Texart\Texart.csproj", "{0E5B1D32-D017-41DC-80E3-AEB594702463}"
EndProject
Project("{FAE04EC0-301F-11D3-BF4B-00C04F79EFBC}") = "Texart.Interface", "Texart.Interface\Texart.Interface.csproj", "{D51E61D8-1DDC-419A-AD7B-98F76C99A05A}"
EndProject
Project("{FAE04EC0-301F-11D3-BF4B-00C04F79EFBC}") = "Texart.Builtin", "Texart.Builtin\Texart.Builtin.csproj", "{0CAC3BD4-65FA-46CE-AA22-83874C994AE7}"
EndProject
Project("{FAE04EC0-301F-11D3-BF4B-00C04F79EFBC}") = "Texart.ScriptInterface", "Texart.ScriptInterface\Texart.ScriptInterface.csproj", "{63A521E4-26B7-4992-87A4-F9B4A519BE3B}"
EndProject
Project("{FAE04EC0-301F-11D3-BF4B-00C04F79EFBC}") = "Texart.Scripting", "Texart.Scripting\Texart.Scripting.csproj", "{422EA285-8CD6-40B8-8D1F-C7D3F43019C9}"
EndProject
Global
	GlobalSection(SolutionConfigurationPlatforms) = preSolution
		Debug|x64 = Debug|x64
		Release|x64 = Release|x64
	EndGlobalSection
	GlobalSection(ProjectConfigurationPlatforms) = postSolution
		{0E5B1D32-D017-41DC-80E3-AEB594702463}.Debug|x64.ActiveCfg = Debug|x64
		{0E5B1D32-D017-41DC-80E3-AEB594702463}.Debug|x64.Build.0 = Debug|x64
		{0E5B1D32-D017-41DC-80E3-AEB594702463}.Release|x64.ActiveCfg = Release|x64
		{0E5B1D32-D017-41DC-80E3-AEB594702463}.Release|x64.Build.0 = Release|x64
		{D51E61D8-1DDC-419A-AD7B-98F76C99A05A}.Debug|x64.ActiveCfg = Debug|x64
		{D51E61D8-1DDC-419A-AD7B-98F76C99A05A}.Debug|x64.Build.0 = Debug|x64
		{D51E61D8-1DDC-419A-AD7B-98F76C99A05A}.Release|x64.ActiveCfg = Release|x64
		{D51E61D8-1DDC-419A-AD7B-98F76C99A05A}.Release|x64.Build.0 = Release|x64
		{0CAC3BD4-65FA-46CE-AA22-83874C994AE7}.Debug|x64.ActiveCfg = Debug|x64
		{0CAC3BD4-65FA-46CE-AA22-83874C994AE7}.Debug|x64.Build.0 = Debug|x64
		{0CAC3BD4-65FA-46CE-AA22-83874C994AE7}.Release|x64.ActiveCfg = Release|x64
		{0CAC3BD4-65FA-46CE-AA22-83874C994AE7}.Release|x64.Build.0 = Release|x64
		{63A521E4-26B7-4992-87A4-F9B4A519BE3B}.Debug|x64.ActiveCfg = Debug|x64
		{63A521E4-26B7-4992-87A4-F9B4A519BE3B}.Debug|x64.Build.0 = Debug|x64
		{63A521E4-26B7-4992-87A4-F9B4A519BE3B}.Release|x64.ActiveCfg = Release|x64
		{63A521E4-26B7-4992-87A4-F9B4A519BE3B}.Release|x64.Build.0 = Release|x64
		{422EA285-8CD6-40B8-8D1F-C7D3F43019C9}.Debug|x64.ActiveCfg = Debug|x64
		{422EA285-8CD6-40B8-8D1F-C7D3F43019C9}.Debug|x64.Build.0 = Debug|x64
		{422EA285-8CD6-40B8-8D1F-C7D3F43019C9}.Release|x64.ActiveCfg = Release|x64
		{422EA285-8CD6-40B8-8D1F-C7D3F43019C9}.Release|x64.Build.0 = Release|x64
	EndGlobalSection
	GlobalSection(SolutionProperties) = preSolution
		HideSolutionNode = FALSE
	EndGlobalSection
EndGlobal
